{
  "originHash" : "874ee15184e4e17f03ef9e69642e609506e817678b08d8242331cefa314d7b7b",
  "pins" : [
    {
      "identity" : "swiftutilities",
      "kind" : "remoteSourceControl",
      "location" : "https://github.com/muhiro12/SwiftUtilities.git",
      "state" : {
        "revision" : "6f29a46d76a70459bf151baa8714c22efb8e13a9",
        "version" : "1.19.0"
      }
    }
  ],
  "version" : 3
}
