{
  "originHash" : "874ee15184e4e17f03ef9e69642e609506e817678b08d8242331cefa314d7b7b",
  "pins" : [
    {
      "identity" : "swiftutilities",
      "kind" : "remoteSourceControl",
      "location" : "https://github.com/muhiro12/SwiftUtilities.git",
      "state" : {
        "revision" : "6bb1d1431ab97595cf37085e03edd4b49463da43",
        "version" : "1.20.0"
      }
    }
  ],
  "version" : 3
}
